// !$*UTF8*$!
{
	archiveVersion = 1;
	classes = {
	};
	objectVersion = 46;
	objects = {

/* Begin PBXBuildFile section */
		48820E251A987606006C2A6F /* JRLoginItemUtil.m in Sources */ = {isa = PBXBuildFile; fileRef = 48820E241A987606006C2A6F /* JRLoginItemUtil.m */; };
		488F9E371A8F731700F05DDF /* SDAppDelegate.m in Sources */ = {isa = PBXBuildFile; fileRef = 488F9E361A8F731700F05DDF /* SDAppDelegate.m */; };
		488F9E391A8F731700F05DDF /* main.m in Sources */ = {isa = PBXBuildFile; fileRef = 488F9E381A8F731700F05DDF /* main.m */; };
		488F9E411A8F731700F05DDF /* Main.storyboard in Resources */ = {isa = PBXBuildFile; fileRef = 488F9E3F1A8F731700F05DDF /* Main.storyboard */; };
		488F9E4D1A8F731700F05DDF /* ShowDeskTopTests.m in Sources */ = {isa = PBXBuildFile; fileRef = 488F9E4C1A8F731700F05DDF /* ShowDeskTopTests.m */; };
		48DA4E671A9856D60012F3ED /* JRKeyboardShortcutUtil.m in Sources */ = {isa = PBXBuildFile; fileRef = 48DA4E661A9856D60012F3ED /* JRKeyboardShortcutUtil.m */; };
		48DA4E6B1A986CCC0012F3ED /* Images.xcassets in Resources */ = {isa = PBXBuildFile; fileRef = 48DA4E6A1A986CCC0012F3ED /* Images.xcassets */; };
/* End PBXBuildFile section */

/* Begin PBXContainerItemProxy section */
		488F9E471A8F731700F05DDF /* PBXContainerItemProxy */ = {
			isa = PBXContainerItemProxy;
			containerPortal = 488F9E281A8F731700F05DDF /* Project object */;
			proxyType = 1;
			remoteGlobalIDString = 488F9E2F1A8F731700F05DDF;
			remoteInfo = ShowDeskTop;
		};
/* End PBXContainerItemProxy section */

/* Begin PBXFileReference section */
		48820E231A987606006C2A6F /* JRLoginItemUtil.h */ = {isa = PBXFileReference; fileEncoding = 4; lastKnownFileType = sourcecode.c.h; path = JRLoginItemUtil.h; sourceTree = "<group>"; };
		48820E241A987606006C2A6F /* JRLoginItemUtil.m */ = {isa = PBXFileReference; fileEncoding = 4; lastKnownFileType = sourcecode.c.objc; path = JRLoginItemUtil.m; sourceTree = "<group>"; };
		488F9E301A8F731700F05DDF /* ShowDeskTop.app */ = {isa = PBXFileReference; explicitFileType = wrapper.application; includeInIndex = 0; path = ShowDeskTop.app; sourceTree = BUILT_PRODUCTS_DIR; };
		488F9E341A8F731700F05DDF /* Info.plist */ = {isa = PBXFileReference; lastKnownFileType = text.plist.xml; path = Info.plist; sourceTree = "<group>"; };
		488F9E351A8F731700F05DDF /* SDAppDelegate.h */ = {isa = PBXFileReference; lastKnownFileType = sourcecode.c.h; path = SDAppDelegate.h; sourceTree = "<group>"; };
		488F9E361A8F731700F05DDF /* SDAppDelegate.m */ = {isa = PBXFileReference; lastKnownFileType = sourcecode.c.objc; path = SDAppDelegate.m; sourceTree = "<group>"; };
		488F9E381A8F731700F05DDF /* main.m */ = {isa = PBXFileReference; lastKnownFileType = sourcecode.c.objc; path = main.m; sourceTree = "<group>"; };
		488F9E401A8F731700F05DDF /* Base */ = {isa = PBXFileReference; lastKnownFileType = file.storyboard; name = Base; path = Base.lproj/Main.storyboard; sourceTree = "<group>"; };
		488F9E461A8F731700F05DDF /* ShowDeskTopTests.xctest */ = {isa = PBXFileReference; explicitFileType = wrapper.cfbundle; includeInIndex = 0; path = ShowDeskTopTests.xctest; sourceTree = BUILT_PRODUCTS_DIR; };
		488F9E4B1A8F731700F05DDF /* Info.plist */ = {isa = PBXFileReference; lastKnownFileType = text.plist.xml; path = Info.plist; sourceTree = "<group>"; };
		488F9E4C1A8F731700F05DDF /* ShowDeskTopTests.m */ = {isa = PBXFileReference; lastKnownFileType = sourcecode.c.objc; path = ShowDeskTopTests.m; sourceTree = "<group>"; };
		48DA4E651A9856D60012F3ED /* JRKeyboardShortcutUtil.h */ = {isa = PBXFileReference; fileEncoding = 4; lastKnownFileType = sourcecode.c.h; path = JRKeyboardShortcutUtil.h; sourceTree = "<group>"; };
		48DA4E661A9856D60012F3ED /* JRKeyboardShortcutUtil.m */ = {isa = PBXFileReference; fileEncoding = 4; lastKnownFileType = sourcecode.c.objc; path = JRKeyboardShortcutUtil.m; sourceTree = "<group>"; };
		48DA4E6A1A986CCC0012F3ED /* Images.xcassets */ = {isa = PBXFileReference; lastKnownFileType = folder.assetcatalog; name = Images.xcassets; path = "../../../../Downloads/StatusThing-master/StatusThing/Images.xcassets"; sourceTree = "<group>"; };
/* End PBXFileReference section */

/* Begin PBXFrameworksBuildPhase section */
		488F9E2D1A8F731700F05DDF /* Frameworks */ = {
			isa = PBXFrameworksBuildPhase;
			buildActionMask = 2147483647;
			files = (
			);
			runOnlyForDeploymentPostprocessing = 0;
		};
		488F9E431A8F731700F05DDF /* Frameworks */ = {
			isa = PBXFrameworksBuildPhase;
			buildActionMask = 2147483647;
			files = (
			);
			runOnlyForDeploymentPostprocessing = 0;
		};
/* End PBXFrameworksBuildPhase section */

/* Begin PBXGroup section */
		488F9E271A8F731700F05DDF = {
			isa = PBXGroup;
			children = (
				488F9E321A8F731700F05DDF /* ShowDeskTop */,
				488F9E491A8F731700F05DDF /* ShowDeskTopTests */,
				488F9E311A8F731700F05DDF /* Products */,
			);
			sourceTree = "<group>";
		};
		488F9E311A8F731700F05DDF /* Products */ = {
			isa = PBXGroup;
			children = (
				488F9E301A8F731700F05DDF /* ShowDeskTop.app */,
				488F9E461A8F731700F05DDF /* ShowDeskTopTests.xctest */,
			);
			name = Products;
			sourceTree = "<group>";
		};
		488F9E321A8F731700F05DDF /* ShowDeskTop */ = {
			isa = PBXGroup;
			children = (
				488F9E351A8F731700F05DDF /* SDAppDelegate.h */,
				488F9E361A8F731700F05DDF /* SDAppDelegate.m */,
				48DA4E651A9856D60012F3ED /* JRKeyboardShortcutUtil.h */,
				48DA4E661A9856D60012F3ED /* JRKeyboardShortcutUtil.m */,
				48820E231A987606006C2A6F /* JRLoginItemUtil.h */,
				48820E241A987606006C2A6F /* JRLoginItemUtil.m */,
				48DA4E6A1A986CCC0012F3ED /* Images.xcassets */,
				488F9E3F1A8F731700F05DDF /* Main.storyboard */,
				488F9E331A8F731700F05DDF /* Supporting Files */,
			);
			path = ShowDeskTop;
			sourceTree = "<group>";
		};
		488F9E331A8F731700F05DDF /* Supporting Files */ = {
			isa = PBXGroup;
			children = (
				488F9E341A8F731700F05DDF /* Info.plist */,
				488F9E381A8F731700F05DDF /* main.m */,
			);
			name = "Supporting Files";
			sourceTree = "<group>";
		};
		488F9E491A8F731700F05DDF /* ShowDeskTopTests */ = {
			isa = PBXGroup;
			children = (
				488F9E4C1A8F731700F05DDF /* ShowDeskTopTests.m */,
				488F9E4A1A8F731700F05DDF /* Supporting Files */,
			);
			path = ShowDeskTopTests;
			sourceTree = "<group>";
		};
		488F9E4A1A8F731700F05DDF /* Supporting Files */ = {
			isa = PBXGroup;
			children = (
				488F9E4B1A8F731700F05DDF /* Info.plist */,
			);
			name = "Supporting Files";
			sourceTree = "<group>";
		};
/* End PBXGroup section */

/* Begin PBXNativeTarget section */
		488F9E2F1A8F731700F05DDF /* ShowDeskTop */ = {
			isa = PBXNativeTarget;
			buildConfigurationList = 488F9E501A8F731700F05DDF /* Build configuration list for PBXNativeTarget "ShowDeskTop" */;
			buildPhases = (
				488F9E2C1A8F731700F05DDF /* Sources */,
				488F9E2D1A8F731700F05DDF /* Frameworks */,
				488F9E2E1A8F731700F05DDF /* Resources */,
			);
			buildRules = (
			);
			dependencies = (
			);
			name = ShowDeskTop;
			productName = ShowDeskTop;
			productReference = 488F9E301A8F731700F05DDF /* ShowDeskTop.app */;
			productType = "com.apple.product-type.application";
		};
		488F9E451A8F731700F05DDF /* ShowDeskTopTests */ = {
			isa = PBXNativeTarget;
			buildConfigurationList = 488F9E531A8F731700F05DDF /* Build configuration list for PBXNativeTarget "ShowDeskTopTests" */;
			buildPhases = (
				488F9E421A8F731700F05DDF /* Sources */,
				488F9E431A8F731700F05DDF /* Frameworks */,
				488F9E441A8F731700F05DDF /* Resources */,
			);
			buildRules = (
			);
			dependencies = (
				488F9E481A8F731700F05DDF /* PBXTargetDependency */,
			);
			name = ShowDeskTopTests;
			productName = ShowDeskTopTests;
			productReference = 488F9E461A8F731700F05DDF /* ShowDeskTopTests.xctest */;
			productType = "com.apple.product-type.bundle.unit-test";
		};
/* End PBXNativeTarget section */

/* Begin PBXProject section */
		488F9E281A8F731700F05DDF /* Project object */ = {
			isa = PBXProject;
			attributes = {
				LastUpgradeCheck = 0610;
				ORGANIZATIONNAME = jiajixin;
				TargetAttributes = {
					488F9E2F1A8F731700F05DDF = {
						CreatedOnToolsVersion = 6.1.1;
					};
					488F9E451A8F731700F05DDF = {
						CreatedOnToolsVersion = 6.1.1;
						TestTargetID = 488F9E2F1A8F731700F05DDF;
					};
				};
			};
			buildConfigurationList = 488F9E2B1A8F731700F05DDF /* Build configuration list for PBXProject "ShowDeskTop" */;
			compatibilityVersion = "Xcode 3.2";
			developmentRegion = English;
			hasScannedForEncodings = 0;
			knownRegions = (
				en,
				Base,
			);
			mainGroup = 488F9E271A8F731700F05DDF;
			productRefGroup = 488F9E311A8F731700F05DDF /* Products */;
			projectDirPath = "";
			projectRoot = "";
			targets = (
				488F9E2F1A8F731700F05DDF /* ShowDeskTop */,
				488F9E451A8F731700F05DDF /* ShowDeskTopTests */,
			);
		};
/* End PBXProject section */

/* Begin PBXResourcesBuildPhase section */
		488F9E2E1A8F731700F05DDF /* Resources */ = {
			isa = PBXResourcesBuildPhase;
			buildActionMask = 2147483647;
			files = (
				48DA4E6B1A986CCC0012F3ED /* Images.xcassets in Resources */,
				488F9E411A8F731700F05DDF /* Main.storyboard in Resources */,
			);
			runOnlyForDeploymentPostprocessing = 0;
		};
		488F9E441A8F731700F05DDF /* Resources */ = {
			isa = PBXResourcesBuildPhase;
			buildActionMask = 2147483647;
			files = (
			);
			runOnlyForDeploymentPostprocessing = 0;
		};
/* End PBXResourcesBuildPhase section */

/* Begin PBXSourcesBuildPhase section */
		488F9E2C1A8F731700F05DDF /* Sources */ = {
			isa = PBXSourcesBuildPhase;
			buildActionMask = 2147483647;
			files = (
				488F9E391A8F731700F05DDF /* main.m in Sources */,
				48820E251A987606006C2A6F /* JRLoginItemUtil.m in Sources */,
				488F9E371A8F731700F05DDF /* SDAppDelegate.m in Sources */,
				48DA4E671A9856D60012F3ED /* JRKeyboardShortcutUtil.m in Sources */,
			);
			runOnlyForDeploymentPostprocessing = 0;
		};
		488F9E421A8F731700F05DDF /* Sources */ = {
			isa = PBXSourcesBuildPhase;
			buildActionMask = 2147483647;
			files = (
				488F9E4D1A8F731700F05DDF /* ShowDeskTopTests.m in Sources */,
			);
			runOnlyForDeploymentPostprocessing = 0;
		};
/* End PBXSourcesBuildPhase section */

/* Begin PBXTargetDependency section */
		488F9E481A8F731700F05DDF /* PBXTargetDependency */ = {
			isa = PBXTargetDependency;
			target = 488F9E2F1A8F731700F05DDF /* ShowDeskTop */;
			targetProxy = 488F9E471A8F731700F05DDF /* PBXContainerItemProxy */;
		};
/* End PBXTargetDependency section */

/* Begin PBXVariantGroup section */
		488F9E3F1A8F731700F05DDF /* Main.storyboard */ = {
			isa = PBXVariantGroup;
			children = (
				488F9E401A8F731700F05DDF /* Base */,
			);
			name = Main.storyboard;
			sourceTree = "<group>";
		};
/* End PBXVariantGroup section */

/* Begin XCBuildConfiguration section */
		488F9E4E1A8F731700F05DDF /* Debug */ = {
			isa = XCBuildConfiguration;
			buildSettings = {
				ALWAYS_SEARCH_USER_PATHS = NO;
				CLANG_CXX_LANGUAGE_STANDARD = "gnu++0x";
				CLANG_CXX_LIBRARY = "libc++";
				CLANG_ENABLE_MODULES = YES;
				CLANG_ENABLE_OBJC_ARC = YES;
				CLANG_WARN_BOOL_CONVERSION = YES;
				CLANG_WARN_CONSTANT_CONVERSION = YES;
				CLANG_WARN_DIRECT_OBJC_ISA_USAGE = YES_ERROR;
				CLANG_WARN_EMPTY_BODY = YES;
				CLANG_WARN_ENUM_CONVERSION = YES;
				CLANG_WARN_INT_CONVERSION = YES;
				CLANG_WARN_OBJC_ROOT_CLASS = YES_ERROR;
				CLANG_WARN_UNREACHABLE_CODE = YES;
				CLANG_WARN__DUPLICATE_METHOD_MATCH = YES;
				CODE_SIGN_IDENTITY = "-";
				COPY_PHASE_STRIP = NO;
				ENABLE_STRICT_OBJC_MSGSEND = YES;
				GCC_C_LANGUAGE_STANDARD = gnu99;
				GCC_DYNAMIC_NO_PIC = NO;
				GCC_OPTIMIZATION_LEVEL = 0;
				GCC_PREPROCESSOR_DEFINITIONS = (
					"DEBUG=1",
					"$(inherited)",
				);
				GCC_SYMBOLS_PRIVATE_EXTERN = NO;
				GCC_WARN_64_TO_32_BIT_CONVERSION = YES;
				GCC_WARN_ABOUT_RETURN_TYPE = YES_ERROR;
				GCC_WARN_UNDECLARED_SELECTOR = YES;
				GCC_WARN_UNINITIALIZED_AUTOS = YES_AGGRESSIVE;
				GCC_WARN_UNUSED_FUNCTION = YES;
				GCC_WARN_UNUSED_VARIABLE = YES;
				MACOSX_DEPLOYMENT_TARGET = 10.10;
				MTL_ENABLE_DEBUG_INFO = YES;
				ONLY_ACTIVE_ARCH = YES;
				SDKROOT = macosx;
			};
			name = Debug;
		};
		488F9E4F1A8F731700F05DDF /* Release */ = {
			isa = XCBuildConfiguration;
			buildSettings = {
				ALWAYS_SEARCH_USER_PATHS = NO;
				CLANG_CXX_LANGUAGE_STANDARD = "gnu++0x";
				CLANG_CXX_LIBRARY = "libc++";
				CLANG_ENABLE_MODULES = YES;
				CLANG_ENABLE_OBJC_ARC = YES;
				CLANG_WARN_BOOL_CONVERSION = YES;
				CLANG_WARN_CONSTANT_CONVERSION = YES;
				CLANG_WARN_DIRECT_OBJC_ISA_USAGE = YES_ERROR;
				CLANG_WARN_EMPTY_BODY = YES;
				CLANG_WARN_ENUM_CONVERSION = YES;
				CLANG_WARN_INT_CONVERSION = YES;
				CLANG_WARN_OBJC_ROOT_CLASS = YES_ERROR;
				CLANG_WARN_UNREACHABLE_CODE = YES;
				CLANG_WARN__DUPLICATE_METHOD_MATCH = YES;
				CODE_SIGN_IDENTITY = "-";
				COPY_PHASE_STRIP = YES;
				DEBUG_INFORMATION_FORMAT = "dwarf-with-dsym";
				ENABLE_NS_ASSERTIONS = NO;
				ENABLE_STRICT_OBJC_MSGSEND = YES;
				GCC_C_LANGUAGE_STANDARD = gnu99;
				GCC_WARN_64_TO_32_BIT_CONVERSION = YES;
				GCC_WARN_ABOUT_RETURN_TYPE = YES_ERROR;
				GCC_WARN_UNDECLARED_SELECTOR = YES;
				GCC_WARN_UNINITIALIZED_AUTOS = YES_AGGRESSIVE;
				GCC_WARN_UNUSED_FUNCTION = YES;
				GCC_WARN_UNUSED_VARIABLE = YES;
				MACOSX_DEPLOYMENT_TARGET = 10.10;
				MTL_ENABLE_DEBUG_INFO = NO;
				SDKROOT = macosx;
			};
			name = Release;
		};
		488F9E511A8F731700F05DDF /* Debug */ = {
			isa = XCBuildConfiguration;
			buildSettings = {
				ASSETCATALOG_COMPILER_APPICON_NAME = AppIcon;
				COMBINE_HIDPI_IMAGES = YES;
				INFOPLIST_FILE = ShowDeskTop/Info.plist;
				LD_RUNPATH_SEARCH_PATHS = "$(inherited) @executable_path/../Frameworks";
				PRODUCT_NAME = "$(TARGET_NAME)";
			};
			name = Debug;
		};
		488F9E521A8F731700F05DDF /* Release */ = {
			isa = XCBuildConfiguration;
			buildSettings = {
				ASSETCATALOG_COMPILER_APPICON_NAME = AppIcon;
				COMBINE_HIDPI_IMAGES = YES;
				INFOPLIST_FILE = ShowDeskTop/Info.plist;
				LD_RUNPATH_SEARCH_PATHS = "$(inherited) @executable_path/../Frameworks";
				PRODUCT_NAME = "$(TARGET_NAME)";
			};
			name = Release;
		};
		488F9E541A8F731700F05DDF /* Debug */ = {
			isa = XCBuildConfiguration;
			buildSettings = {
				BUNDLE_LOADER = "$(TEST_HOST)";
				COMBINE_HIDPI_IMAGES = YES;
				FRAMEWORK_SEARCH_PATHS = (
					"$(DEVELOPER_FRAMEWORKS_DIR)",
					"$(inherited)",
				);
				GCC_PREPROCESSOR_DEFINITIONS = (
					"DEBUG=1",
					"$(inherited)",
				);
				INFOPLIST_FILE = ShowDeskTopTests/Info.plist;
				LD_RUNPATH_SEARCH_PATHS = "$(inherited) @executable_path/../Frameworks @loader_path/../Frameworks";
				PRODUCT_NAME = "$(TARGET_NAME)";
				TEST_HOST = "$(BUILT_PRODUCTS_DIR)/ShowDeskTop.app/Contents/MacOS/ShowDeskTop";
			};
			name = Debug;
		};
		488F9E551A8F731700F05DDF /* Release */ = {
			isa = XCBuildConfiguration;
			buildSettings = {
				BUNDLE_LOADER = "$(TEST_HOST)";
				COMBINE_HIDPI_IMAGES = YES;
				FRAMEWORK_SEARCH_PATHS = (
					"$(DEVELOPER_FRAMEWORKS_DIR)",
					"$(inherited)",
				);
				INFOPLIST_FILE = ShowDeskTopTests/Info.plist;
				LD_RUNPATH_SEARCH_PATHS = "$(inherited) @executable_path/../Frameworks @loader_path/../Frameworks";
				PRODUCT_NAME = "$(TARGET_NAME)";
				TEST_HOST = "$(BUILT_PRODUCTS_DIR)/ShowDeskTop.app/Contents/MacOS/ShowDeskTop";
			};
			name = Release;
		};
/* End XCBuildConfiguration section */

/* Begin XCConfigurationList section */
		488F9E2B1A8F731700F05DDF /* Build configuration list for PBXProject "ShowDeskTop" */ = {
			isa = XCConfigurationList;
			buildConfigurations = (
				488F9E4E1A8F731700F05DDF /* Debug */,
				488F9E4F1A8F731700F05DDF /* Release */,
			);
			defaultConfigurationIsVisible = 0;
			defaultConfigurationName = Release;
		};
		488F9E501A8F731700F05DDF /* Build configuration list for PBXNativeTarget "ShowDeskTop" */ = {
			isa = XCConfigurationList;
			buildConfigurations = (
				488F9E511A8F731700F05DDF /* Debug */,
				488F9E521A8F731700F05DDF /* Release */,
			);
			defaultConfigurationIsVisible = 0;
			defaultConfigurationName = Release;
		};
		488F9E531A8F731700F05DDF /* Build configuration list for PBXNativeTarget "ShowDeskTopTests" */ = {
			isa = XCConfigurationList;
			buildConfigurations = (
				488F9E541A8F731700F05DDF /* Debug */,
				488F9E551A8F731700F05DDF /* Release */,
			);
			defaultConfigurationIsVisible = 0;
			defaultConfigurationName = Release;
		};
/* End XCConfigurationList section */
	};
	rootObject = 488F9E281A8F731700F05DDF /* Project object */;
}
